
Microsoft Visual Studio Solution File, Format Version 12.00
# Visual Studio Version 16
VisualStudioVersion = 16.0.30517.126
MinimumVisualStudioVersion = 10.0.40219.1
Project("{FAE04EC0-301F-11D3-BF4B-00C04F79EFBC}") = "Assignment3_B-Diarra", "Assignment3_B-Diarra\Assignment3_B-Diarra.csproj", "{874E0AC8-3E74-4D78-AF11-1DB64096D15A}"
EndProject
Global
	GlobalSection(SolutionConfigurationPlatforms) = preSolution
		Debug|Any CPU = Debug|Any CPU
		Release|Any CPU = Release|Any CPU
	EndGlobalSection
	GlobalSection(ProjectConfigurationPlatforms) = postSolution
		{874E0AC8-3E74-4D78-AF11-1DB64096D15A}.Debug|Any CPU.ActiveCfg = Debug|Any CPU
		{874E0AC8-3E74-4D78-AF11-1DB64096D15A}.Debug|Any CPU.Build.0 = Debug|Any CPU
		{874E0AC8-3E74-4D78-AF11-1DB64096D15A}.Release|Any CPU.ActiveCfg = Release|Any CPU
		{874E0AC8-3E74-4D78-AF11-1DB64096D15A}.Release|Any CPU.Build.0 = Release|Any CPU
	EndGlobalSection
	GlobalSection(SolutionProperties) = preSolution
		HideSolutionNode = FALSE
	EndGlobalSection
	GlobalSection(ExtensibilityGlobals) = postSolution
		SolutionGuid = {AAE8D04E-8878-40A5-B70D-2347D3967FC8}
	EndGlobalSection
EndGlobal
